
Microsoft Visual Studio Solution File, Format Version 12.00
# Visual Studio 15
VisualStudioVersion = 15.0.27703.2042
MinimumVisualStudioVersion = 10.0.40219.1
Project("{FAE04EC0-301F-11D3-BF4B-00C04F79EFBC}") = "deneme1", "deneme1\deneme1.csproj", "{9E2E502B-F4CD-4EC8-B485-B4A0D00D0D43}"
EndProject
Global
	GlobalSection(SolutionConfigurationPlatforms) = preSolution
		Debug|Any CPU = Debug|Any CPU
		Release|Any CPU = Release|Any CPU
	EndGlobalSection
	GlobalSection(ProjectConfigurationPlatforms) = postSolution
		{9E2E502B-F4CD-4EC8-B485-B4A0D00D0D43}.Debug|Any CPU.ActiveCfg = Debug|Any CPU
		{9E2E502B-F4CD-4EC8-B485-B4A0D00D0D43}.Debug|Any CPU.Build.0 = Debug|Any CPU
		{9E2E502B-F4CD-4EC8-B485-B4A0D00D0D43}.Release|Any CPU.ActiveCfg = Release|Any CPU
		{9E2E502B-F4CD-4EC8-B485-B4A0D00D0D43}.Release|Any CPU.Build.0 = Release|Any CPU
	EndGlobalSection
	GlobalSection(SolutionProperties) = preSolution
		HideSolutionNode = FALSE
	EndGlobalSection
	GlobalSection(ExtensibilityGlobals) = postSolution
		SolutionGuid = {23D73CC1-595A-49BF-9317-D1C924D58B03}
	EndGlobalSection
EndGlobal
